{
  "name": "eskill-art-seller",
  "version": "1.0.0",
  "lockfileVersion": 1,
  "requires": true,
  "dependencies": {
    "@tpp/req": {
      "version": "3.1.3",
      "resolved": "https://registry.npmjs.org/@tpp/req/-/req-3.1.3.tgz",
      "integrity": "sha512-1rDaiyWrdT1Dl9A7uPr++oTJ7+k75tdiqR75jRp5+bdgNv60bqS/670iwFGuwPXI13jdjGw3HL9DFNjz7DXpxQ==",
      "requires": {
        "striptags": "^3.1.1"
      }
    },
    "striptags": {
      "version": "3.1.1",
      "resolved": "https://registry.npmjs.org/striptags/-/striptags-3.1.1.tgz",
      "integrity": "sha1-yMPn/db7S7OjKjt1LltePjgJPr0="
    }
  }
}
